<?xml version="1.0" encoding="utf-8"?>
<Project ToolsVersion="4.0" xmlns="http://schemas.microsoft.com/developer/msbuild/2003">
  <ItemGroup>
    <Filter Include="Main">
      <UniqueIdentifier>{4FC737F1-C7A5-4376-A066-2A32D752A2FF}</UniqueIdentifier>
      <Extensions>cpp;c;cc;cxx;def;odl;idl;hpj;bat;asm;asmx</Extensions>
    </Filter>
    <Filter Include="Network">
      <UniqueIdentifier>{93995380-89BD-4b04-88EB-625FBE52EBFB}</UniqueIdentifier>
      <Extensions>h;hh;hpp;hxx;hm;inl;inc;ipp;xsd</Extensions>
    </Filter>
    <Filter Include="Packet">
      <UniqueIdentifier>{aefa7d8c-5e5e-4a3d-b481-69c5af824bb7}</UniqueIdentifier>
    </Filter>
    <Filter Include="Session">
      <UniqueIdentifier>{5cba7eff-bca9-4d0b-b7b9-8639b14b6c8f}</UniqueIdentifier>
    </Filter>
    <Filter Include="ErrorCheck">
      <UniqueIdentifier>{25a26d5b-fec5-4628-ab47-835b816f4ec9}</UniqueIdentifier>
    </Filter>
    <Filter Include="Convert">
      <UniqueIdentifier>{6c834a24-da2a-4104-b00a-9c5c9dea9305}</UniqueIdentifier>
    </Filter>
    <Filter Include="ThreadPool">
      <UniqueIdentifier>{5c13139d-60ca-4fce-862c-d596a3e39685}</UniqueIdentifier>
    </Filter>
    <Filter Include="Utility">
      <UniqueIdentifier>{c456f3bb-4aa5-407b-ab42-a34e7f58e153}</UniqueIdentifier>
    </Filter>
    <Filter Include="Thread">
      <UniqueIdentifier>{34203522-2019-4a72-bcc2-e8e84e8fa320}</UniqueIdentifier>
    </Filter>
  </ItemGroup>
  <ItemGroup>
    <ClCompile Include="MultiThread_TCPServer_Chat.cpp">
      <Filter>Main</Filter>
    </ClCompile>
    <ClCompile Include="stdafx.cpp">
      <Filter>Main</Filter>
    </ClCompile>
    <ClCompile Include="TCPClient.cpp">
      <Filter>Network</Filter>
    </ClCompile>
    <ClCompile Include="TCPServer.cpp">
      <Filter>Network</Filter>
    </ClCompile>
    <ClCompile Include="Session.cpp">
      <Filter>Session</Filter>
    </ClCompile>
    <ClCompile Include="ErrorCheck.cpp">
      <Filter>ErrorCheck</Filter>
    </ClCompile>
    <ClCompile Include="Convert.cpp">
      <Filter>Convert</Filter>
    </ClCompile>
    <ClCompile Include="ThreadPool.cpp">
      <Filter>ThreadPool</Filter>
    </ClCompile>
    <ClCompile Include="Utility.cpp">
      <Filter>Utility</Filter>
    </ClCompile>
    <ClCompile Include="Thread.cpp">
      <Filter>Thread</Filter>
    </ClCompile>
  </ItemGroup>
  <ItemGroup>
    <ClInclude Include="TCPServer.h">
      <Filter>Network</Filter>
    </ClInclude>
    <ClInclude Include="TCPClient.h">
      <Filter>Network</Filter>
    </ClInclude>
    <ClInclude Include="TCPSuper.h">
      <Filter>Network</Filter>
    </ClInclude>
    <ClInclude Include="stdafx.h">
      <Filter>Main</Filter>
    </ClInclude>
    <ClInclude Include="Packet.h">
      <Filter>Packet</Filter>
    </ClInclude>
    <ClInclude Include="Session.h">
      <Filter>Session</Filter>
    </ClInclude>
    <ClInclude Include="ErrorCheck.h">
      <Filter>ErrorCheck</Filter>
    </ClInclude>
    <ClInclude Include="Convert.h">
      <Filter>Convert</Filter>
    </ClInclude>
    <ClInclude Include="ThreadPool.h">
      <Filter>ThreadPool</Filter>
    </ClInclude>
    <ClInclude Include="Utility.h">
      <Filter>Utility</Filter>
    </ClInclude>
    <ClInclude Include="Thread.h">
      <Filter>Thread</Filter>
    </ClInclude>
  </ItemGroup>
</Project>